// !$*UTF8*$!
{
	archiveVersion = 1;
	classes = {
	};
	objectVersion = 56;
	objects = {

/* Begin PBXBuildFile section */
		B926DB48291BA9EF009CD70A /* AddLogEntryViewModel.swift in Sources */ = {isa = PBXBuildFile; fileRef = B926DB47291BA9EF009CD70A /* AddLogEntryViewModel.swift */; };
		B934FC0128FC474B009DE76B /* CalendarItemTests.swift in Sources */ = {isa = PBXBuildFile; fileRef = B934FC0028FC474B009DE76B /* CalendarItemTests.swift */; };
		B934FC0228FC48F1009DE76B /* CalendarItem.swift in Sources */ = {isa = PBXBuildFile; fileRef = B976493928F1D84A008052CF /* CalendarItem.swift */; };
		B934FC042905959C009DE76B /* LogListView.swift in Sources */ = {isa = PBXBuildFile; fileRef = B934FC032905959C009DE76B /* LogListView.swift */; };
		B976491A28E9CE96008052CF /* DailyLogApp.swift in Sources */ = {isa = PBXBuildFile; fileRef = B976491928E9CE96008052CF /* DailyLogApp.swift */; };
		B976491C28E9CE96008052CF /* ContentView.swift in Sources */ = {isa = PBXBuildFile; fileRef = B976491B28E9CE96008052CF /* ContentView.swift */; };
		B976491E28E9CE98008052CF /* Assets.xcassets in Resources */ = {isa = PBXBuildFile; fileRef = B976491D28E9CE98008052CF /* Assets.xcassets */; };
		B976492128E9CE98008052CF /* Preview Assets.xcassets in Resources */ = {isa = PBXBuildFile; fileRef = B976492028E9CE98008052CF /* Preview Assets.xcassets */; };
		B976492328E9CE98008052CF /* Persistence.swift in Sources */ = {isa = PBXBuildFile; fileRef = B976492228E9CE98008052CF /* Persistence.swift */; };
		B976492628E9CE98008052CF /* DailyLog.xcdatamodeld in Sources */ = {isa = PBXBuildFile; fileRef = B976492428E9CE98008052CF /* DailyLog.xcdatamodeld */; };
		B976492D28E9D5EE008052CF /* LogOverviewView.swift in Sources */ = {isa = PBXBuildFile; fileRef = B976492C28E9D5EE008052CF /* LogOverviewView.swift */; };
		B976492F28E9D6F2008052CF /* CalendarHeaderView.swift in Sources */ = {isa = PBXBuildFile; fileRef = B976492E28E9D6F2008052CF /* CalendarHeaderView.swift */; };
		B976493128E9D9F0008052CF /* CalendarDateItemView.swift in Sources */ = {isa = PBXBuildFile; fileRef = B976493028E9D9F0008052CF /* CalendarDateItemView.swift */; };
		B976493328E9ED16008052CF /* CalendarMiniView.swift in Sources */ = {isa = PBXBuildFile; fileRef = B976493228E9ED16008052CF /* CalendarMiniView.swift */; };
		B976493528EDDFB6008052CF /* CalendarHeaderItemView.swift in Sources */ = {isa = PBXBuildFile; fileRef = B976493428EDDFB6008052CF /* CalendarHeaderItemView.swift */; };
		B976493A28F1D84A008052CF /* CalendarItem.swift in Sources */ = {isa = PBXBuildFile; fileRef = B976493928F1D84A008052CF /* CalendarItem.swift */; };
		B976493D28F1E7BA008052CF /* Date+Ext.swift in Sources */ = {isa = PBXBuildFile; fileRef = B976493C28F1E7BA008052CF /* Date+Ext.swift */; };
		B976494028F3116C008052CF /* LogOverviewViewModel.swift in Sources */ = {isa = PBXBuildFile; fileRef = B976493F28F3116C008052CF /* LogOverviewViewModel.swift */; };
		B976494C28F4A3EF008052CF /* DateExtensionTests.swift in Sources */ = {isa = PBXBuildFile; fileRef = B976494B28F4A3EF008052CF /* DateExtensionTests.swift */; };
		B976495428F5FA38008052CF /* Date+Ext.swift in Sources */ = {isa = PBXBuildFile; fileRef = B976493C28F1E7BA008052CF /* Date+Ext.swift */; };
		B9875FB72917BC0200ECB978 /* AddLogEntryView.swift in Sources */ = {isa = PBXBuildFile; fileRef = B9875FB62917BC0200ECB978 /* AddLogEntryView.swift */; };
/* End PBXBuildFile section */

/* Begin PBXContainerItemProxy section */
		B976494D28F4A3EF008052CF /* PBXContainerItemProxy */ = {
			isa = PBXContainerItemProxy;
			containerPortal = B976490E28E9CE95008052CF /* Project object */;
			proxyType = 1;
			remoteGlobalIDString = B976491528E9CE95008052CF;
			remoteInfo = DailyLog;
		};
/* End PBXContainerItemProxy section */

/* Begin PBXFileReference section */
		B926DB47291BA9EF009CD70A /* AddLogEntryViewModel.swift */ = {isa = PBXFileReference; lastKnownFileType = sourcecode.swift; path = AddLogEntryViewModel.swift; sourceTree = "<group>"; };
		B934FC0028FC474B009DE76B /* CalendarItemTests.swift */ = {isa = PBXFileReference; lastKnownFileType = sourcecode.swift; path = CalendarItemTests.swift; sourceTree = "<group>"; };
		B934FC032905959C009DE76B /* LogListView.swift */ = {isa = PBXFileReference; lastKnownFileType = sourcecode.swift; path = LogListView.swift; sourceTree = "<group>"; };
		B976491628E9CE95008052CF /* DailyLog.app */ = {isa = PBXFileReference; explicitFileType = wrapper.application; includeInIndex = 0; path = DailyLog.app; sourceTree = BUILT_PRODUCTS_DIR; };
		B976491928E9CE96008052CF /* DailyLogApp.swift */ = {isa = PBXFileReference; lastKnownFileType = sourcecode.swift; path = DailyLogApp.swift; sourceTree = "<group>"; };
		B976491B28E9CE96008052CF /* ContentView.swift */ = {isa = PBXFileReference; lastKnownFileType = sourcecode.swift; path = ContentView.swift; sourceTree = "<group>"; };
		B976491D28E9CE98008052CF /* Assets.xcassets */ = {isa = PBXFileReference; lastKnownFileType = folder.assetcatalog; path = Assets.xcassets; sourceTree = "<group>"; };
		B976492028E9CE98008052CF /* Preview Assets.xcassets */ = {isa = PBXFileReference; lastKnownFileType = folder.assetcatalog; path = "Preview Assets.xcassets"; sourceTree = "<group>"; };
		B976492228E9CE98008052CF /* Persistence.swift */ = {isa = PBXFileReference; lastKnownFileType = sourcecode.swift; path = Persistence.swift; sourceTree = "<group>"; };
		B976492528E9CE98008052CF /* DailyLog.xcdatamodel */ = {isa = PBXFileReference; lastKnownFileType = wrapper.xcdatamodel; path = DailyLog.xcdatamodel; sourceTree = "<group>"; };
		B976492C28E9D5EE008052CF /* LogOverviewView.swift */ = {isa = PBXFileReference; lastKnownFileType = sourcecode.swift; path = LogOverviewView.swift; sourceTree = "<group>"; };
		B976492E28E9D6F2008052CF /* CalendarHeaderView.swift */ = {isa = PBXFileReference; lastKnownFileType = sourcecode.swift; path = CalendarHeaderView.swift; sourceTree = "<group>"; };
		B976493028E9D9F0008052CF /* CalendarDateItemView.swift */ = {isa = PBXFileReference; lastKnownFileType = sourcecode.swift; path = CalendarDateItemView.swift; sourceTree = "<group>"; };
		B976493228E9ED16008052CF /* CalendarMiniView.swift */ = {isa = PBXFileReference; lastKnownFileType = sourcecode.swift; path = CalendarMiniView.swift; sourceTree = "<group>"; };
		B976493428EDDFB6008052CF /* CalendarHeaderItemView.swift */ = {isa = PBXFileReference; lastKnownFileType = sourcecode.swift; path = CalendarHeaderItemView.swift; sourceTree = "<group>"; };
		B976493928F1D84A008052CF /* CalendarItem.swift */ = {isa = PBXFileReference; lastKnownFileType = sourcecode.swift; path = CalendarItem.swift; sourceTree = "<group>"; };
		B976493C28F1E7BA008052CF /* Date+Ext.swift */ = {isa = PBXFileReference; lastKnownFileType = sourcecode.swift; path = "Date+Ext.swift"; sourceTree = "<group>"; };
		B976493F28F3116C008052CF /* LogOverviewViewModel.swift */ = {isa = PBXFileReference; lastKnownFileType = sourcecode.swift; path = LogOverviewViewModel.swift; sourceTree = "<group>"; };
		B976494928F4A3EF008052CF /* DailyLogTests.xctest */ = {isa = PBXFileReference; explicitFileType = wrapper.cfbundle; includeInIndex = 0; path = DailyLogTests.xctest; sourceTree = BUILT_PRODUCTS_DIR; };
		B976494B28F4A3EF008052CF /* DateExtensionTests.swift */ = {isa = PBXFileReference; lastKnownFileType = sourcecode.swift; path = DateExtensionTests.swift; sourceTree = "<group>"; };
		B9875FB62917BC0200ECB978 /* AddLogEntryView.swift */ = {isa = PBXFileReference; lastKnownFileType = sourcecode.swift; path = AddLogEntryView.swift; sourceTree = "<group>"; };
/* End PBXFileReference section */

/* Begin PBXFrameworksBuildPhase section */
		B976491328E9CE95008052CF /* Frameworks */ = {
			isa = PBXFrameworksBuildPhase;
			buildActionMask = 2147483647;
			files = (
			);
			runOnlyForDeploymentPostprocessing = 0;
		};
		B976494628F4A3EF008052CF /* Frameworks */ = {
			isa = PBXFrameworksBuildPhase;
			buildActionMask = 2147483647;
			files = (
			);
			runOnlyForDeploymentPostprocessing = 0;
		};
/* End PBXFrameworksBuildPhase section */

/* Begin PBXGroup section */
		B976490D28E9CE95008052CF = {
			isa = PBXGroup;
			children = (
				B976491828E9CE95008052CF /* DailyLog */,
				B976494A28F4A3EF008052CF /* DailyLogTests */,
				B976491728E9CE95008052CF /* Products */,
			);
			sourceTree = "<group>";
		};
		B976491728E9CE95008052CF /* Products */ = {
			isa = PBXGroup;
			children = (
				B976491628E9CE95008052CF /* DailyLog.app */,
				B976494928F4A3EF008052CF /* DailyLogTests.xctest */,
			);
			name = Products;
			sourceTree = "<group>";
		};
		B976491828E9CE95008052CF /* DailyLog */ = {
			isa = PBXGroup;
			children = (
				B976493B28F1E7A2008052CF /* Extensions */,
				B976493628EF2C76008052CF /* Model */,
				B976491928E9CE96008052CF /* DailyLogApp.swift */,
				B976491B28E9CE96008052CF /* ContentView.swift */,
				B976494228F3221F008052CF /* Screens */,
				B976493228E9ED16008052CF /* CalendarMiniView.swift */,
				B976494428F32267008052CF /* Views */,
				B976491D28E9CE98008052CF /* Assets.xcassets */,
				B976492228E9CE98008052CF /* Persistence.swift */,
				B976492428E9CE98008052CF /* DailyLog.xcdatamodeld */,
				B976491F28E9CE98008052CF /* Preview Content */,
			);
			path = DailyLog;
			sourceTree = "<group>";
		};
		B976491F28E9CE98008052CF /* Preview Content */ = {
			isa = PBXGroup;
			children = (
				B976492028E9CE98008052CF /* Preview Assets.xcassets */,
			);
			path = "Preview Content";
			sourceTree = "<group>";
		};
		B976493628EF2C76008052CF /* Model */ = {
			isa = PBXGroup;
			children = (
				B976493928F1D84A008052CF /* CalendarItem.swift */,
			);
			path = Model;
			sourceTree = "<group>";
		};
		B976493B28F1E7A2008052CF /* Extensions */ = {
			isa = PBXGroup;
			children = (
				B976493C28F1E7BA008052CF /* Date+Ext.swift */,
			);
			path = Extensions;
			sourceTree = "<group>";
		};
		B976493E28F3111E008052CF /* LogOverviewView */ = {
			isa = PBXGroup;
			children = (
				B976492C28E9D5EE008052CF /* LogOverviewView.swift */,
				B976493F28F3116C008052CF /* LogOverviewViewModel.swift */,
			);
			path = LogOverviewView;
			sourceTree = "<group>";
		};
		B976494228F3221F008052CF /* Screens */ = {
			isa = PBXGroup;
			children = (
				B9875FB52917BBC300ECB978 /* AddLogEntryView */,
				B976493E28F3111E008052CF /* LogOverviewView */,
			);
			path = Screens;
			sourceTree = "<group>";
		};
		B976494328F32240008052CF /* Calendar */ = {
			isa = PBXGroup;
			children = (
				B976493028E9D9F0008052CF /* CalendarDateItemView.swift */,
				B976492E28E9D6F2008052CF /* CalendarHeaderView.swift */,
				B976493428EDDFB6008052CF /* CalendarHeaderItemView.swift */,
			);
			path = Calendar;
			sourceTree = "<group>";
		};
		B976494428F32267008052CF /* Views */ = {
			isa = PBXGroup;
			children = (
				B976494328F32240008052CF /* Calendar */,
				B934FC032905959C009DE76B /* LogListView.swift */,
			);
			path = Views;
			sourceTree = "<group>";
		};
		B976494A28F4A3EF008052CF /* DailyLogTests */ = {
			isa = PBXGroup;
			children = (
				B976494B28F4A3EF008052CF /* DateExtensionTests.swift */,
				B934FC0028FC474B009DE76B /* CalendarItemTests.swift */,
			);
			path = DailyLogTests;
			sourceTree = "<group>";
		};
		B9875FB52917BBC300ECB978 /* AddLogEntryView */ = {
			isa = PBXGroup;
			children = (
				B9875FB62917BC0200ECB978 /* AddLogEntryView.swift */,
				B926DB47291BA9EF009CD70A /* AddLogEntryViewModel.swift */,
			);
			path = AddLogEntryView;
			sourceTree = "<group>";
		};
/* End PBXGroup section */

/* Begin PBXNativeTarget section */
		B976491528E9CE95008052CF /* DailyLog */ = {
			isa = PBXNativeTarget;
			buildConfigurationList = B976492928E9CE98008052CF /* Build configuration list for PBXNativeTarget "DailyLog" */;
			buildPhases = (
				B976491228E9CE95008052CF /* Sources */,
				B976491328E9CE95008052CF /* Frameworks */,
				B976491428E9CE95008052CF /* Resources */,
				B9A36FDC28FB012D004E7175 /* ShellScript */,
			);
			buildRules = (
			);
			dependencies = (
			);
			name = DailyLog;
			packageProductDependencies = (
			);
			productName = DailyLog;
			productReference = B976491628E9CE95008052CF /* DailyLog.app */;
			productType = "com.apple.product-type.application";
		};
		B976494828F4A3EF008052CF /* DailyLogTests */ = {
			isa = PBXNativeTarget;
			buildConfigurationList = B976494F28F4A3EF008052CF /* Build configuration list for PBXNativeTarget "DailyLogTests" */;
			buildPhases = (
				B976494528F4A3EF008052CF /* Sources */,
				B976494628F4A3EF008052CF /* Frameworks */,
				B976494728F4A3EF008052CF /* Resources */,
			);
			buildRules = (
			);
			dependencies = (
				B976494E28F4A3EF008052CF /* PBXTargetDependency */,
			);
			name = DailyLogTests;
			productName = DailyLogTests;
			productReference = B976494928F4A3EF008052CF /* DailyLogTests.xctest */;
			productType = "com.apple.product-type.bundle.unit-test";
		};
/* End PBXNativeTarget section */

/* Begin PBXProject section */
		B976490E28E9CE95008052CF /* Project object */ = {
			isa = PBXProject;
			attributes = {
				BuildIndependentTargetsInParallel = 1;
				LastSwiftUpdateCheck = 1400;
				LastUpgradeCheck = 1400;
				TargetAttributes = {
					B976491528E9CE95008052CF = {
						CreatedOnToolsVersion = 14.0;
					};
					B976494828F4A3EF008052CF = {
						CreatedOnToolsVersion = 14.0;
						TestTargetID = B976491528E9CE95008052CF;
					};
				};
			};
			buildConfigurationList = B976491128E9CE95008052CF /* Build configuration list for PBXProject "DailyLog" */;
			compatibilityVersion = "Xcode 14.0";
			developmentRegion = en;
			hasScannedForEncodings = 0;
			knownRegions = (
				en,
				Base,
			);
			mainGroup = B976490D28E9CE95008052CF;
			packageReferences = (
			);
			productRefGroup = B976491728E9CE95008052CF /* Products */;
			projectDirPath = "";
			projectRoot = "";
			targets = (
				B976491528E9CE95008052CF /* DailyLog */,
				B976494828F4A3EF008052CF /* DailyLogTests */,
			);
		};
/* End PBXProject section */

/* Begin PBXResourcesBuildPhase section */
		B976491428E9CE95008052CF /* Resources */ = {
			isa = PBXResourcesBuildPhase;
			buildActionMask = 2147483647;
			files = (
				B976492128E9CE98008052CF /* Preview Assets.xcassets in Resources */,
				B976491E28E9CE98008052CF /* Assets.xcassets in Resources */,
			);
			runOnlyForDeploymentPostprocessing = 0;
		};
		B976494728F4A3EF008052CF /* Resources */ = {
			isa = PBXResourcesBuildPhase;
			buildActionMask = 2147483647;
			files = (
			);
			runOnlyForDeploymentPostprocessing = 0;
		};
/* End PBXResourcesBuildPhase section */

/* Begin PBXShellScriptBuildPhase section */
		B9A36FDC28FB012D004E7175 /* ShellScript */ = {
			isa = PBXShellScriptBuildPhase;
			buildActionMask = 2147483647;
			files = (
			);
			inputFileListPaths = (
			);
			inputPaths = (
			);
			outputFileListPaths = (
			);
			outputPaths = (
			);
			runOnlyForDeploymentPostprocessing = 0;
			shellPath = /bin/sh;
			shellScript = "export PATH=\"$PATH:/opt/homebrew/bin\"\nif which swiftlint > /dev/null; then\n  swiftlint\nelse\n  echo \"warning: SwiftLint not installed, download from https://github.com/realm/SwiftLint\"\nfi\n";
		};
/* End PBXShellScriptBuildPhase section */

/* Begin PBXSourcesBuildPhase section */
		B976491228E9CE95008052CF /* Sources */ = {
			isa = PBXSourcesBuildPhase;
			buildActionMask = 2147483647;
			files = (
				B976494028F3116C008052CF /* LogOverviewViewModel.swift in Sources */,
				B976492D28E9D5EE008052CF /* LogOverviewView.swift in Sources */,
				B9875FB72917BC0200ECB978 /* AddLogEntryView.swift in Sources */,
				B976493128E9D9F0008052CF /* CalendarDateItemView.swift in Sources */,
				B976492F28E9D6F2008052CF /* CalendarHeaderView.swift in Sources */,
				B976493528EDDFB6008052CF /* CalendarHeaderItemView.swift in Sources */,
				B976493A28F1D84A008052CF /* CalendarItem.swift in Sources */,
				B926DB48291BA9EF009CD70A /* AddLogEntryViewModel.swift in Sources */,
				B976493328E9ED16008052CF /* CalendarMiniView.swift in Sources */,
				B934FC042905959C009DE76B /* LogListView.swift in Sources */,
				B976493D28F1E7BA008052CF /* Date+Ext.swift in Sources */,
				B976492328E9CE98008052CF /* Persistence.swift in Sources */,
				B976491C28E9CE96008052CF /* ContentView.swift in Sources */,
				B976492628E9CE98008052CF /* DailyLog.xcdatamodeld in Sources */,
				B976491A28E9CE96008052CF /* DailyLogApp.swift in Sources */,
			);
			runOnlyForDeploymentPostprocessing = 0;
		};
		B976494528F4A3EF008052CF /* Sources */ = {
			isa = PBXSourcesBuildPhase;
			buildActionMask = 2147483647;
			files = (
				B934FC0128FC474B009DE76B /* CalendarItemTests.swift in Sources */,
				B976494C28F4A3EF008052CF /* DateExtensionTests.swift in Sources */,
				B934FC0228FC48F1009DE76B /* CalendarItem.swift in Sources */,
				B976495428F5FA38008052CF /* Date+Ext.swift in Sources */,
			);
			runOnlyForDeploymentPostprocessing = 0;
		};
/* End PBXSourcesBuildPhase section */

/* Begin PBXTargetDependency section */
		B976494E28F4A3EF008052CF /* PBXTargetDependency */ = {
			isa = PBXTargetDependency;
			target = B976491528E9CE95008052CF /* DailyLog */;
			targetProxy = B976494D28F4A3EF008052CF /* PBXContainerItemProxy */;
		};
/* End PBXTargetDependency section */

/* Begin XCBuildConfiguration section */
		B976492728E9CE98008052CF /* Debug */ = {
			isa = XCBuildConfiguration;
			buildSettings = {
				ALWAYS_SEARCH_USER_PATHS = NO;
				CLANG_ANALYZER_NONNULL = YES;
				CLANG_ANALYZER_NUMBER_OBJECT_CONVERSION = YES_AGGRESSIVE;
				CLANG_CXX_LANGUAGE_STANDARD = "gnu++20";
				CLANG_ENABLE_MODULES = YES;
				CLANG_ENABLE_OBJC_ARC = YES;
				CLANG_ENABLE_OBJC_WEAK = YES;
				CLANG_WARN_BLOCK_CAPTURE_AUTORELEASING = YES;
				CLANG_WARN_BOOL_CONVERSION = YES;
				CLANG_WARN_COMMA = YES;
				CLANG_WARN_CONSTANT_CONVERSION = YES;
				CLANG_WARN_DEPRECATED_OBJC_IMPLEMENTATIONS = YES;
				CLANG_WARN_DIRECT_OBJC_ISA_USAGE = YES_ERROR;
				CLANG_WARN_DOCUMENTATION_COMMENTS = YES;
				CLANG_WARN_EMPTY_BODY = YES;
				CLANG_WARN_ENUM_CONVERSION = YES;
				CLANG_WARN_INFINITE_RECURSION = YES;
				CLANG_WARN_INT_CONVERSION = YES;
				CLANG_WARN_NON_LITERAL_NULL_CONVERSION = YES;
				CLANG_WARN_OBJC_IMPLICIT_RETAIN_SELF = YES;
				CLANG_WARN_OBJC_LITERAL_CONVERSION = YES;
				CLANG_WARN_OBJC_ROOT_CLASS = YES_ERROR;
				CLANG_WARN_QUOTED_INCLUDE_IN_FRAMEWORK_HEADER = YES;
				CLANG_WARN_RANGE_LOOP_ANALYSIS = YES;
				CLANG_WARN_STRICT_PROTOTYPES = YES;
				CLANG_WARN_SUSPICIOUS_MOVE = YES;
				CLANG_WARN_UNGUARDED_AVAILABILITY = YES_AGGRESSIVE;
				CLANG_WARN_UNREACHABLE_CODE = YES;
				CLANG_WARN__DUPLICATE_METHOD_MATCH = YES;
				COPY_PHASE_STRIP = NO;
				DEBUG_INFORMATION_FORMAT = dwarf;
				ENABLE_STRICT_OBJC_MSGSEND = YES;
				ENABLE_TESTABILITY = YES;
				GCC_C_LANGUAGE_STANDARD = gnu11;
				GCC_DYNAMIC_NO_PIC = NO;
				GCC_NO_COMMON_BLOCKS = YES;
				GCC_OPTIMIZATION_LEVEL = 0;
				GCC_PREPROCESSOR_DEFINITIONS = (
					"DEBUG=1",
					"$(inherited)",
				);
				GCC_WARN_64_TO_32_BIT_CONVERSION = YES;
				GCC_WARN_ABOUT_RETURN_TYPE = YES_ERROR;
				GCC_WARN_UNDECLARED_SELECTOR = YES;
				GCC_WARN_UNINITIALIZED_AUTOS = YES_AGGRESSIVE;
				GCC_WARN_UNUSED_FUNCTION = YES;
				GCC_WARN_UNUSED_VARIABLE = YES;
				IPHONEOS_DEPLOYMENT_TARGET = 16.0;
				MTL_ENABLE_DEBUG_INFO = INCLUDE_SOURCE;
				MTL_FAST_MATH = YES;
				ONLY_ACTIVE_ARCH = YES;
				SDKROOT = iphoneos;
				SWIFT_ACTIVE_COMPILATION_CONDITIONS = DEBUG;
				SWIFT_OPTIMIZATION_LEVEL = "-Onone";
			};
			name = Debug;
		};
		B976492828E9CE98008052CF /* Release */ = {
			isa = XCBuildConfiguration;
			buildSettings = {
				ALWAYS_SEARCH_USER_PATHS = NO;
				CLANG_ANALYZER_NONNULL = YES;
				CLANG_ANALYZER_NUMBER_OBJECT_CONVERSION = YES_AGGRESSIVE;
				CLANG_CXX_LANGUAGE_STANDARD = "gnu++20";
				CLANG_ENABLE_MODULES = YES;
				CLANG_ENABLE_OBJC_ARC = YES;
				CLANG_ENABLE_OBJC_WEAK = YES;
				CLANG_WARN_BLOCK_CAPTURE_AUTORELEASING = YES;
				CLANG_WARN_BOOL_CONVERSION = YES;
				CLANG_WARN_COMMA = YES;
				CLANG_WARN_CONSTANT_CONVERSION = YES;
				CLANG_WARN_DEPRECATED_OBJC_IMPLEMENTATIONS = YES;
				CLANG_WARN_DIRECT_OBJC_ISA_USAGE = YES_ERROR;
				CLANG_WARN_DOCUMENTATION_COMMENTS = YES;
				CLANG_WARN_EMPTY_BODY = YES;
				CLANG_WARN_ENUM_CONVERSION = YES;
				CLANG_WARN_INFINITE_RECURSION = YES;
				CLANG_WARN_INT_CONVERSION = YES;
				CLANG_WARN_NON_LITERAL_NULL_CONVERSION = YES;
				CLANG_WARN_OBJC_IMPLICIT_RETAIN_SELF = YES;
				CLANG_WARN_OBJC_LITERAL_CONVERSION = YES;
				CLANG_WARN_OBJC_ROOT_CLASS = YES_ERROR;
				CLANG_WARN_QUOTED_INCLUDE_IN_FRAMEWORK_HEADER = YES;
				CLANG_WARN_RANGE_LOOP_ANALYSIS = YES;
				CLANG_WARN_STRICT_PROTOTYPES = YES;
				CLANG_WARN_SUSPICIOUS_MOVE = YES;
				CLANG_WARN_UNGUARDED_AVAILABILITY = YES_AGGRESSIVE;
				CLANG_WARN_UNREACHABLE_CODE = YES;
				CLANG_WARN__DUPLICATE_METHOD_MATCH = YES;
				COPY_PHASE_STRIP = NO;
				DEBUG_INFORMATION_FORMAT = "dwarf-with-dsym";
				ENABLE_NS_ASSERTIONS = NO;
				ENABLE_STRICT_OBJC_MSGSEND = YES;
				GCC_C_LANGUAGE_STANDARD = gnu11;
				GCC_NO_COMMON_BLOCKS = YES;
				GCC_WARN_64_TO_32_BIT_CONVERSION = YES;
				GCC_WARN_ABOUT_RETURN_TYPE = YES_ERROR;
				GCC_WARN_UNDECLARED_SELECTOR = YES;
				GCC_WARN_UNINITIALIZED_AUTOS = YES_AGGRESSIVE;
				GCC_WARN_UNUSED_FUNCTION = YES;
				GCC_WARN_UNUSED_VARIABLE = YES;
				IPHONEOS_DEPLOYMENT_TARGET = 16.0;
				MTL_ENABLE_DEBUG_INFO = NO;
				MTL_FAST_MATH = YES;
				SDKROOT = iphoneos;
				SWIFT_COMPILATION_MODE = wholemodule;
				SWIFT_OPTIMIZATION_LEVEL = "-O";
				VALIDATE_PRODUCT = YES;
			};
			name = Release;
		};
		B976492A28E9CE98008052CF /* Debug */ = {
			isa = XCBuildConfiguration;
			buildSettings = {
				ASSETCATALOG_COMPILER_APPICON_NAME = AppIcon;
				ASSETCATALOG_COMPILER_GLOBAL_ACCENT_COLOR_NAME = AccentColor;
				CODE_SIGN_STYLE = Automatic;
				CURRENT_PROJECT_VERSION = 1;
				DEVELOPMENT_ASSET_PATHS = "\"DailyLog/Preview Content\"";
				DEVELOPMENT_TEAM = 8MD4CZRYZD;
				ENABLE_PREVIEWS = YES;
				GENERATE_INFOPLIST_FILE = YES;
				INFOPLIST_KEY_UIApplicationSceneManifest_Generation = YES;
				INFOPLIST_KEY_UIApplicationSupportsIndirectInputEvents = YES;
				INFOPLIST_KEY_UILaunchScreen_Generation = YES;
				INFOPLIST_KEY_UISupportedInterfaceOrientations_iPad = "UIInterfaceOrientationPortrait UIInterfaceOrientationPortraitUpsideDown UIInterfaceOrientationLandscapeLeft UIInterfaceOrientationLandscapeRight";
				INFOPLIST_KEY_UISupportedInterfaceOrientations_iPhone = "UIInterfaceOrientationPortrait UIInterfaceOrientationLandscapeLeft UIInterfaceOrientationLandscapeRight";
				LD_RUNPATH_SEARCH_PATHS = (
					"$(inherited)",
					"@executable_path/Frameworks",
				);
				MARKETING_VERSION = 1.0;
				PRODUCT_BUNDLE_IDENTIFIER = com.jschenkemeyer.demo.DailyLog;
				PRODUCT_NAME = "$(TARGET_NAME)";
				SUPPORTED_PLATFORMS = "iphoneos iphonesimulator";
				SUPPORTS_MACCATALYST = NO;
				SUPPORTS_MAC_DESIGNED_FOR_IPHONE_IPAD = NO;
				SWIFT_EMIT_LOC_STRINGS = YES;
				SWIFT_VERSION = 5.0;
				TARGETED_DEVICE_FAMILY = 1;
			};
			name = Debug;
		};
		B976492B28E9CE98008052CF /* Release */ = {
			isa = XCBuildConfiguration;
			buildSettings = {
				ASSETCATALOG_COMPILER_APPICON_NAME = AppIcon;
				ASSETCATALOG_COMPILER_GLOBAL_ACCENT_COLOR_NAME = AccentColor;
				CODE_SIGN_STYLE = Automatic;
				CURRENT_PROJECT_VERSION = 1;
				DEVELOPMENT_ASSET_PATHS = "\"DailyLog/Preview Content\"";
				DEVELOPMENT_TEAM = 8MD4CZRYZD;
				ENABLE_PREVIEWS = YES;
				GENERATE_INFOPLIST_FILE = YES;
				INFOPLIST_KEY_UIApplicationSceneManifest_Generation = YES;
				INFOPLIST_KEY_UIApplicationSupportsIndirectInputEvents = YES;
				INFOPLIST_KEY_UILaunchScreen_Generation = YES;
				INFOPLIST_KEY_UISupportedInterfaceOrientations_iPad = "UIInterfaceOrientationPortrait UIInterfaceOrientationPortraitUpsideDown UIInterfaceOrientationLandscapeLeft UIInterfaceOrientationLandscapeRight";
				INFOPLIST_KEY_UISupportedInterfaceOrientations_iPhone = "UIInterfaceOrientationPortrait UIInterfaceOrientationLandscapeLeft UIInterfaceOrientationLandscapeRight";
				LD_RUNPATH_SEARCH_PATHS = (
					"$(inherited)",
					"@executable_path/Frameworks",
				);
				MARKETING_VERSION = 1.0;
				PRODUCT_BUNDLE_IDENTIFIER = com.jschenkemeyer.demo.DailyLog;
				PRODUCT_NAME = "$(TARGET_NAME)";
				SUPPORTED_PLATFORMS = "iphoneos iphonesimulator";
				SUPPORTS_MACCATALYST = NO;
				SUPPORTS_MAC_DESIGNED_FOR_IPHONE_IPAD = NO;
				SWIFT_EMIT_LOC_STRINGS = YES;
				SWIFT_VERSION = 5.0;
				TARGETED_DEVICE_FAMILY = 1;
			};
			name = Release;
		};
		B976495028F4A3EF008052CF /* Debug */ = {
			isa = XCBuildConfiguration;
			buildSettings = {
				BUNDLE_LOADER = "$(TEST_HOST)";
				CODE_SIGN_STYLE = Automatic;
				CURRENT_PROJECT_VERSION = 1;
				DEVELOPMENT_TEAM = 8MD4CZRYZD;
				GENERATE_INFOPLIST_FILE = YES;
				MARKETING_VERSION = 1.0;
				PRODUCT_BUNDLE_IDENTIFIER = com.jschenkemeyer.demo.DailyLogTests;
				PRODUCT_NAME = "$(TARGET_NAME)";
				SWIFT_EMIT_LOC_STRINGS = NO;
				SWIFT_VERSION = 5.0;
				TARGETED_DEVICE_FAMILY = "1,2";
				TEST_HOST = "$(BUILT_PRODUCTS_DIR)/DailyLog.app/$(BUNDLE_EXECUTABLE_FOLDER_PATH)/DailyLog";
			};
			name = Debug;
		};
		B976495128F4A3EF008052CF /* Release */ = {
			isa = XCBuildConfiguration;
			buildSettings = {
				BUNDLE_LOADER = "$(TEST_HOST)";
				CODE_SIGN_STYLE = Automatic;
				CURRENT_PROJECT_VERSION = 1;
				DEVELOPMENT_TEAM = 8MD4CZRYZD;
				GENERATE_INFOPLIST_FILE = YES;
				MARKETING_VERSION = 1.0;
				PRODUCT_BUNDLE_IDENTIFIER = com.jschenkemeyer.demo.DailyLogTests;
				PRODUCT_NAME = "$(TARGET_NAME)";
				SWIFT_EMIT_LOC_STRINGS = NO;
				SWIFT_VERSION = 5.0;
				TARGETED_DEVICE_FAMILY = "1,2";
				TEST_HOST = "$(BUILT_PRODUCTS_DIR)/DailyLog.app/$(BUNDLE_EXECUTABLE_FOLDER_PATH)/DailyLog";
			};
			name = Release;
		};
/* End XCBuildConfiguration section */

/* Begin XCConfigurationList section */
		B976491128E9CE95008052CF /* Build configuration list for PBXProject "DailyLog" */ = {
			isa = XCConfigurationList;
			buildConfigurations = (
				B976492728E9CE98008052CF /* Debug */,
				B976492828E9CE98008052CF /* Release */,
			);
			defaultConfigurationIsVisible = 0;
			defaultConfigurationName = Release;
		};
		B976492928E9CE98008052CF /* Build configuration list for PBXNativeTarget "DailyLog" */ = {
			isa = XCConfigurationList;
			buildConfigurations = (
				B976492A28E9CE98008052CF /* Debug */,
				B976492B28E9CE98008052CF /* Release */,
			);
			defaultConfigurationIsVisible = 0;
			defaultConfigurationName = Release;
		};
		B976494F28F4A3EF008052CF /* Build configuration list for PBXNativeTarget "DailyLogTests" */ = {
			isa = XCConfigurationList;
			buildConfigurations = (
				B976495028F4A3EF008052CF /* Debug */,
				B976495128F4A3EF008052CF /* Release */,
			);
			defaultConfigurationIsVisible = 0;
			defaultConfigurationName = Release;
		};
/* End XCConfigurationList section */

/* Begin XCVersionGroup section */
		B976492428E9CE98008052CF /* DailyLog.xcdatamodeld */ = {
			isa = XCVersionGroup;
			children = (
				B976492528E9CE98008052CF /* DailyLog.xcdatamodel */,
			);
			currentVersion = B976492528E9CE98008052CF /* DailyLog.xcdatamodel */;
			path = DailyLog.xcdatamodeld;
			sourceTree = "<group>";
			versionGroupType = wrapper.xcdatamodel;
		};
/* End XCVersionGroup section */
	};
	rootObject = B976490E28E9CE95008052CF /* Project object */;
}
